// !$*UTF8*$!
{
	archiveVersion = 1;
	classes = {
	};
	objectVersion = 51;
	objects = {

/* Begin PBXBuildFile section */
		965622F72731CE3E008D1119 /* image_2021-11-02_135318.jpg in Resources */ = {isa = PBXBuildFile; fileRef = 965622F62731CE3D008D1119 /* image_2021-11-02_135318.jpg */; };
		9678D83A273079BD002F66D6 /* AppDelegate.swift in Sources */ = {isa = PBXBuildFile; fileRef = 9678D839273079BD002F66D6 /* AppDelegate.swift */; };
		9678D83C273079BD002F66D6 /* SceneDelegate.swift in Sources */ = {isa = PBXBuildFile; fileRef = 9678D83B273079BD002F66D6 /* SceneDelegate.swift */; };
		9678D83E273079BD002F66D6 /* IniciarSesionViewController.swift in Sources */ = {isa = PBXBuildFile; fileRef = 9678D83D273079BD002F66D6 /* IniciarSesionViewController.swift */; };
		9678D841273079BD002F66D6 /* Main.storyboard in Resources */ = {isa = PBXBuildFile; fileRef = 9678D83F273079BD002F66D6 /* Main.storyboard */; };
		9678D843273079CD002F66D6 /* Assets.xcassets in Resources */ = {isa = PBXBuildFile; fileRef = 9678D842273079CD002F66D6 /* Assets.xcassets */; };
		9678D846273079CD002F66D6 /* LaunchScreen.storyboard in Resources */ = {isa = PBXBuildFile; fileRef = 9678D844273079CD002F66D6 /* LaunchScreen.storyboard */; };
		9678D851273079CD002F66D6 /* SnapchatTests.swift in Sources */ = {isa = PBXBuildFile; fileRef = 9678D850273079CD002F66D6 /* SnapchatTests.swift */; };
		9678D85C273079CE002F66D6 /* SnapchatUITests.swift in Sources */ = {isa = PBXBuildFile; fileRef = 9678D85B273079CE002F66D6 /* SnapchatUITests.swift */; };
		9678D86A27308690002F66D6 /* GoogleService-Info.plist in Resources */ = {isa = PBXBuildFile; fileRef = 9678D8692730868F002F66D6 /* GoogleService-Info.plist */; };
		B1649AB552A745551DC40E6E /* Pods_Snapchat_SnapchatUITests.framework in Frameworks */ = {isa = PBXBuildFile; fileRef = 5A3AF2DBB87D6B6CF6DF6AAA /* Pods_Snapchat_SnapchatUITests.framework */; };
		C6F073E7C58C3BC022E35FE0 /* Pods_Snapchat.framework in Frameworks */ = {isa = PBXBuildFile; fileRef = C79C0973258C621DA9FF4BA5 /* Pods_Snapchat.framework */; };
		EFD1B31BFE5D751A89EFC73F /* Pods_SnapchatTests.framework in Frameworks */ = {isa = PBXBuildFile; fileRef = D3340548ED6F28F5264C549C /* Pods_SnapchatTests.framework */; };
/* End PBXBuildFile section */

/* Begin PBXContainerItemProxy section */
		9678D84D273079CD002F66D6 /* PBXContainerItemProxy */ = {
			isa = PBXContainerItemProxy;
			containerPortal = 9678D82E273079BC002F66D6 /* Project object */;
			proxyType = 1;
			remoteGlobalIDString = 9678D835273079BD002F66D6;
			remoteInfo = Snapchat;
		};
		9678D858273079CD002F66D6 /* PBXContainerItemProxy */ = {
			isa = PBXContainerItemProxy;
			containerPortal = 9678D82E273079BC002F66D6 /* Project object */;
			proxyType = 1;
			remoteGlobalIDString = 9678D835273079BD002F66D6;
			remoteInfo = Snapchat;
		};
/* End PBXContainerItemProxy section */

/* Begin PBXFileReference section */
		1FA31D34381A2F3E82ABD927 /* Pods-Snapchat.debug.xcconfig */ = {isa = PBXFileReference; includeInIndex = 1; lastKnownFileType = text.xcconfig; name = "Pods-Snapchat.debug.xcconfig"; path = "Target Support Files/Pods-Snapchat/Pods-Snapchat.debug.xcconfig"; sourceTree = "<group>"; };
		41A779CE78014E6D6E3AE7A8 /* Pods-SnapchatTests.debug.xcconfig */ = {isa = PBXFileReference; includeInIndex = 1; lastKnownFileType = text.xcconfig; name = "Pods-SnapchatTests.debug.xcconfig"; path = "Target Support Files/Pods-SnapchatTests/Pods-SnapchatTests.debug.xcconfig"; sourceTree = "<group>"; };
		5612342B8118AC2723251F12 /* Pods-Snapchat-SnapchatUITests.debug.xcconfig */ = {isa = PBXFileReference; includeInIndex = 1; lastKnownFileType = text.xcconfig; name = "Pods-Snapchat-SnapchatUITests.debug.xcconfig"; path = "Target Support Files/Pods-Snapchat-SnapchatUITests/Pods-Snapchat-SnapchatUITests.debug.xcconfig"; sourceTree = "<group>"; };
		5A3AF2DBB87D6B6CF6DF6AAA /* Pods_Snapchat_SnapchatUITests.framework */ = {isa = PBXFileReference; explicitFileType = wrapper.framework; includeInIndex = 0; path = Pods_Snapchat_SnapchatUITests.framework; sourceTree = BUILT_PRODUCTS_DIR; };
		68F1C5A578626DD2743BC4E2 /* Pods-Snapchat-SnapchatUITests.release.xcconfig */ = {isa = PBXFileReference; includeInIndex = 1; lastKnownFileType = text.xcconfig; name = "Pods-Snapchat-SnapchatUITests.release.xcconfig"; path = "Target Support Files/Pods-Snapchat-SnapchatUITests/Pods-Snapchat-SnapchatUITests.release.xcconfig"; sourceTree = "<group>"; };
		8A71A58E68A7E56E78B1DBE2 /* Pods-SnapchatTests.release.xcconfig */ = {isa = PBXFileReference; includeInIndex = 1; lastKnownFileType = text.xcconfig; name = "Pods-SnapchatTests.release.xcconfig"; path = "Target Support Files/Pods-SnapchatTests/Pods-SnapchatTests.release.xcconfig"; sourceTree = "<group>"; };
		965622F62731CE3D008D1119 /* image_2021-11-02_135318.jpg */ = {isa = PBXFileReference; lastKnownFileType = image.jpeg; path = "image_2021-11-02_135318.jpg"; sourceTree = "<group>"; };
		9678D836273079BD002F66D6 /* Snapchat.app */ = {isa = PBXFileReference; explicitFileType = wrapper.application; includeInIndex = 0; path = Snapchat.app; sourceTree = BUILT_PRODUCTS_DIR; };
		9678D839273079BD002F66D6 /* AppDelegate.swift */ = {isa = PBXFileReference; lastKnownFileType = sourcecode.swift; path = AppDelegate.swift; sourceTree = "<group>"; };
		9678D83B273079BD002F66D6 /* SceneDelegate.swift */ = {isa = PBXFileReference; lastKnownFileType = sourcecode.swift; path = SceneDelegate.swift; sourceTree = "<group>"; };
		9678D83D273079BD002F66D6 /* IniciarSesionViewController.swift */ = {isa = PBXFileReference; lastKnownFileType = sourcecode.swift; path = IniciarSesionViewController.swift; sourceTree = "<group>"; };
		9678D840273079BD002F66D6 /* Base */ = {isa = PBXFileReference; lastKnownFileType = file.storyboard; name = Base; path = Base.lproj/Main.storyboard; sourceTree = "<group>"; };
		9678D842273079CD002F66D6 /* Assets.xcassets */ = {isa = PBXFileReference; lastKnownFileType = folder.assetcatalog; path = Assets.xcassets; sourceTree = "<group>"; };
		9678D845273079CD002F66D6 /* Base */ = {isa = PBXFileReference; lastKnownFileType = file.storyboard; name = Base; path = Base.lproj/LaunchScreen.storyboard; sourceTree = "<group>"; };
		9678D847273079CD002F66D6 /* Info.plist */ = {isa = PBXFileReference; lastKnownFileType = text.plist.xml; path = Info.plist; sourceTree = "<group>"; };
		9678D84C273079CD002F66D6 /* SnapchatTests.xctest */ = {isa = PBXFileReference; explicitFileType = wrapper.cfbundle; includeInIndex = 0; path = SnapchatTests.xctest; sourceTree = BUILT_PRODUCTS_DIR; };
		9678D850273079CD002F66D6 /* SnapchatTests.swift */ = {isa = PBXFileReference; lastKnownFileType = sourcecode.swift; path = SnapchatTests.swift; sourceTree = "<group>"; };
		9678D852273079CD002F66D6 /* Info.plist */ = {isa = PBXFileReference; lastKnownFileType = text.plist.xml; path = Info.plist; sourceTree = "<group>"; };
		9678D857273079CD002F66D6 /* SnapchatUITests.xctest */ = {isa = PBXFileReference; explicitFileType = wrapper.cfbundle; includeInIndex = 0; path = SnapchatUITests.xctest; sourceTree = BUILT_PRODUCTS_DIR; };
		9678D85B273079CE002F66D6 /* SnapchatUITests.swift */ = {isa = PBXFileReference; lastKnownFileType = sourcecode.swift; path = SnapchatUITests.swift; sourceTree = "<group>"; };
		9678D85D273079CE002F66D6 /* Info.plist */ = {isa = PBXFileReference; lastKnownFileType = text.plist.xml; path = Info.plist; sourceTree = "<group>"; };
		9678D8692730868F002F66D6 /* GoogleService-Info.plist */ = {isa = PBXFileReference; fileEncoding = 4; lastKnownFileType = text.plist.xml; path = "GoogleService-Info.plist"; sourceTree = "<group>"; };
		C79C0973258C621DA9FF4BA5 /* Pods_Snapchat.framework */ = {isa = PBXFileReference; explicitFileType = wrapper.framework; includeInIndex = 0; path = Pods_Snapchat.framework; sourceTree = BUILT_PRODUCTS_DIR; };
		D3340548ED6F28F5264C549C /* Pods_SnapchatTests.framework */ = {isa = PBXFileReference; explicitFileType = wrapper.framework; includeInIndex = 0; path = Pods_SnapchatTests.framework; sourceTree = BUILT_PRODUCTS_DIR; };
		E0F28ABEA39BA28EE8C015E9 /* Pods-Snapchat.release.xcconfig */ = {isa = PBXFileReference; includeInIndex = 1; lastKnownFileType = text.xcconfig; name = "Pods-Snapchat.release.xcconfig"; path = "Target Support Files/Pods-Snapchat/Pods-Snapchat.release.xcconfig"; sourceTree = "<group>"; };
/* End PBXFileReference section */

/* Begin PBXFrameworksBuildPhase section */
		9678D833273079BD002F66D6 /* Frameworks */ = {
			isa = PBXFrameworksBuildPhase;
			buildActionMask = 2147483647;
			files = (
				C6F073E7C58C3BC022E35FE0 /* Pods_Snapchat.framework in Frameworks */,
			);
			runOnlyForDeploymentPostprocessing = 0;
		};
		9678D849273079CD002F66D6 /* Frameworks */ = {
			isa = PBXFrameworksBuildPhase;
			buildActionMask = 2147483647;
			files = (
				EFD1B31BFE5D751A89EFC73F /* Pods_SnapchatTests.framework in Frameworks */,
			);
			runOnlyForDeploymentPostprocessing = 0;
		};
		9678D854273079CD002F66D6 /* Frameworks */ = {
			isa = PBXFrameworksBuildPhase;
			buildActionMask = 2147483647;
			files = (
				B1649AB552A745551DC40E6E /* Pods_Snapchat_SnapchatUITests.framework in Frameworks */,
			);
			runOnlyForDeploymentPostprocessing = 0;
		};
/* End PBXFrameworksBuildPhase section */

/* Begin PBXGroup section */
		63AB5375D35FFA5FC7E23CD5 /* Frameworks */ = {
			isa = PBXGroup;
			children = (
				C79C0973258C621DA9FF4BA5 /* Pods_Snapchat.framework */,
				5A3AF2DBB87D6B6CF6DF6AAA /* Pods_Snapchat_SnapchatUITests.framework */,
				D3340548ED6F28F5264C549C /* Pods_SnapchatTests.framework */,
			);
			name = Frameworks;
			sourceTree = "<group>";
		};
		9678D82D273079BC002F66D6 = {
			isa = PBXGroup;
			children = (
				9678D838273079BD002F66D6 /* Snapchat */,
				9678D84F273079CD002F66D6 /* SnapchatTests */,
				9678D85A273079CD002F66D6 /* SnapchatUITests */,
				9678D837273079BD002F66D6 /* Products */,
				E8B5D5EDD94195A475009A75 /* Pods */,
				63AB5375D35FFA5FC7E23CD5 /* Frameworks */,
			);
			sourceTree = "<group>";
		};
		9678D837273079BD002F66D6 /* Products */ = {
			isa = PBXGroup;
			children = (
				9678D836273079BD002F66D6 /* Snapchat.app */,
				9678D84C273079CD002F66D6 /* SnapchatTests.xctest */,
				9678D857273079CD002F66D6 /* SnapchatUITests.xctest */,
			);
			name = Products;
			sourceTree = "<group>";
		};
		9678D838273079BD002F66D6 /* Snapchat */ = {
			isa = PBXGroup;
			children = (
				9678D839273079BD002F66D6 /* AppDelegate.swift */,
				9678D83B273079BD002F66D6 /* SceneDelegate.swift */,
				9678D83D273079BD002F66D6 /* IniciarSesionViewController.swift */,
				9678D83F273079BD002F66D6 /* Main.storyboard */,
				965622F62731CE3D008D1119 /* image_2021-11-02_135318.jpg */,
				9678D842273079CD002F66D6 /* Assets.xcassets */,
				9678D8692730868F002F66D6 /* GoogleService-Info.plist */,
				9678D844273079CD002F66D6 /* LaunchScreen.storyboard */,
				9678D847273079CD002F66D6 /* Info.plist */,
			);
			path = Snapchat;
			sourceTree = "<group>";
		};
		9678D84F273079CD002F66D6 /* SnapchatTests */ = {
			isa = PBXGroup;
			children = (
				9678D850273079CD002F66D6 /* SnapchatTests.swift */,
				9678D852273079CD002F66D6 /* Info.plist */,
			);
			path = SnapchatTests;
			sourceTree = "<group>";
		};
		9678D85A273079CD002F66D6 /* SnapchatUITests */ = {
			isa = PBXGroup;
			children = (
				9678D85B273079CE002F66D6 /* SnapchatUITests.swift */,
				9678D85D273079CE002F66D6 /* Info.plist */,
			);
			path = SnapchatUITests;
			sourceTree = "<group>";
		};
		E8B5D5EDD94195A475009A75 /* Pods */ = {
			isa = PBXGroup;
			children = (
				1FA31D34381A2F3E82ABD927 /* Pods-Snapchat.debug.xcconfig */,
				E0F28ABEA39BA28EE8C015E9 /* Pods-Snapchat.release.xcconfig */,
				5612342B8118AC2723251F12 /* Pods-Snapchat-SnapchatUITests.debug.xcconfig */,
				68F1C5A578626DD2743BC4E2 /* Pods-Snapchat-SnapchatUITests.release.xcconfig */,
				41A779CE78014E6D6E3AE7A8 /* Pods-SnapchatTests.debug.xcconfig */,
				8A71A58E68A7E56E78B1DBE2 /* Pods-SnapchatTests.release.xcconfig */,
			);
			path = Pods;
			sourceTree = "<group>";
		};
/* End PBXGroup section */

/* Begin PBXNativeTarget section */
		9678D835273079BD002F66D6 /* Snapchat */ = {
			isa = PBXNativeTarget;
			buildConfigurationList = 9678D860273079CE002F66D6 /* Build configuration list for PBXNativeTarget "Snapchat" */;
			buildPhases = (
				4B9A9AA940E8801C922EE327 /* [CP] Check Pods Manifest.lock */,
				9678D832273079BD002F66D6 /* Sources */,
				9678D833273079BD002F66D6 /* Frameworks */,
				9678D834273079BD002F66D6 /* Resources */,
				2FB8E1B6D3950A8EADF412D5 /* [CP] Embed Pods Frameworks */,
			);
			buildRules = (
			);
			dependencies = (
			);
			name = Snapchat;
			productName = Snapchat;
			productReference = 9678D836273079BD002F66D6 /* Snapchat.app */;
			productType = "com.apple.product-type.application";
		};
		9678D84B273079CD002F66D6 /* SnapchatTests */ = {
			isa = PBXNativeTarget;
			buildConfigurationList = 9678D863273079CE002F66D6 /* Build configuration list for PBXNativeTarget "SnapchatTests" */;
			buildPhases = (
				106E71390971F21ACE3EB43F /* [CP] Check Pods Manifest.lock */,
				9678D848273079CD002F66D6 /* Sources */,
				9678D849273079CD002F66D6 /* Frameworks */,
				9678D84A273079CD002F66D6 /* Resources */,
			);
			buildRules = (
			);
			dependencies = (
				9678D84E273079CD002F66D6 /* PBXTargetDependency */,
			);
			name = SnapchatTests;
			productName = SnapchatTests;
			productReference = 9678D84C273079CD002F66D6 /* SnapchatTests.xctest */;
			productType = "com.apple.product-type.bundle.unit-test";
		};
		9678D856273079CD002F66D6 /* SnapchatUITests */ = {
			isa = PBXNativeTarget;
			buildConfigurationList = 9678D866273079CE002F66D6 /* Build configuration list for PBXNativeTarget "SnapchatUITests" */;
			buildPhases = (
				31AB5887031CC37F9FCF3C7E /* [CP] Check Pods Manifest.lock */,
				9678D853273079CD002F66D6 /* Sources */,
				9678D854273079CD002F66D6 /* Frameworks */,
				9678D855273079CD002F66D6 /* Resources */,
				E2324EC6FEC74FA0DB0398FD /* [CP] Embed Pods Frameworks */,
			);
			buildRules = (
			);
			dependencies = (
				9678D859273079CD002F66D6 /* PBXTargetDependency */,
			);
			name = SnapchatUITests;
			productName = SnapchatUITests;
			productReference = 9678D857273079CD002F66D6 /* SnapchatUITests.xctest */;
			productType = "com.apple.product-type.bundle.ui-testing";
		};
/* End PBXNativeTarget section */

/* Begin PBXProject section */
		9678D82E273079BC002F66D6 /* Project object */ = {
			isa = PBXProject;
			attributes = {
				LastSwiftUpdateCheck = 1130;
				LastUpgradeCheck = 1130;
				ORGANIZATIONNAME = "Rodrigo Mejia";
				TargetAttributes = {
					9678D835273079BD002F66D6 = {
						CreatedOnToolsVersion = 11.3.1;
					};
					9678D84B273079CD002F66D6 = {
						CreatedOnToolsVersion = 11.3.1;
						TestTargetID = 9678D835273079BD002F66D6;
					};
					9678D856273079CD002F66D6 = {
						CreatedOnToolsVersion = 11.3.1;
						TestTargetID = 9678D835273079BD002F66D6;
					};
				};
			};
			buildConfigurationList = 9678D831273079BC002F66D6 /* Build configuration list for PBXProject "Snapchat" */;
			compatibilityVersion = "Xcode 9.3";
			developmentRegion = en;
			hasScannedForEncodings = 0;
			knownRegions = (
				en,
				Base,
			);
			mainGroup = 9678D82D273079BC002F66D6;
			productRefGroup = 9678D837273079BD002F66D6 /* Products */;
			projectDirPath = "";
			projectRoot = "";
			targets = (
				9678D835273079BD002F66D6 /* Snapchat */,
				9678D84B273079CD002F66D6 /* SnapchatTests */,
				9678D856273079CD002F66D6 /* SnapchatUITests */,
			);
		};
/* End PBXProject section */

/* Begin PBXResourcesBuildPhase section */
		9678D834273079BD002F66D6 /* Resources */ = {
			isa = PBXResourcesBuildPhase;
			buildActionMask = 2147483647;
			files = (
				9678D846273079CD002F66D6 /* LaunchScreen.storyboard in Resources */,
				9678D86A27308690002F66D6 /* GoogleService-Info.plist in Resources */,
				9678D843273079CD002F66D6 /* Assets.xcassets in Resources */,
				965622F72731CE3E008D1119 /* image_2021-11-02_135318.jpg in Resources */,
				9678D841273079BD002F66D6 /* Main.storyboard in Resources */,
			);
			runOnlyForDeploymentPostprocessing = 0;
		};
		9678D84A273079CD002F66D6 /* Resources */ = {
			isa = PBXResourcesBuildPhase;
			buildActionMask = 2147483647;
			files = (
			);
			runOnlyForDeploymentPostprocessing = 0;
		};
		9678D855273079CD002F66D6 /* Resources */ = {
			isa = PBXResourcesBuildPhase;
			buildActionMask = 2147483647;
			files = (
			);
			runOnlyForDeploymentPostprocessing = 0;
		};
/* End PBXResourcesBuildPhase section */

/* Begin PBXShellScriptBuildPhase section */
		106E71390971F21ACE3EB43F /* [CP] Check Pods Manifest.lock */ = {
			isa = PBXShellScriptBuildPhase;
			buildActionMask = 2147483647;
			files = (
			);
			inputFileListPaths = (
			);
			inputPaths = (
				"${PODS_PODFILE_DIR_PATH}/Podfile.lock",
				"${PODS_ROOT}/Manifest.lock",
			);
			name = "[CP] Check Pods Manifest.lock";
			outputFileListPaths = (
			);
			outputPaths = (
				"$(DERIVED_FILE_DIR)/Pods-SnapchatTests-checkManifestLockResult.txt",
			);
			runOnlyForDeploymentPostprocessing = 0;
			shellPath = /bin/sh;
			shellScript = "diff \"${PODS_PODFILE_DIR_PATH}/Podfile.lock\" \"${PODS_ROOT}/Manifest.lock\" > /dev/null\nif [ $? != 0 ] ; then\n    # print error to STDERR\n    echo \"error: The sandbox is not in sync with the Podfile.lock. Run 'pod install' or update your CocoaPods installation.\" >&2\n    exit 1\nfi\n# This output is used by Xcode 'outputs' to avoid re-running this script phase.\necho \"SUCCESS\" > \"${SCRIPT_OUTPUT_FILE_0}\"\n";
			showEnvVarsInLog = 0;
		};
		2FB8E1B6D3950A8EADF412D5 /* [CP] Embed Pods Frameworks */ = {
			isa = PBXShellScriptBuildPhase;
			buildActionMask = 2147483647;
			files = (
			);
			inputFileListPaths = (
				"${PODS_ROOT}/Target Support Files/Pods-Snapchat/Pods-Snapchat-frameworks-${CONFIGURATION}-input-files.xcfilelist",
			);
			name = "[CP] Embed Pods Frameworks";
			outputFileListPaths = (
				"${PODS_ROOT}/Target Support Files/Pods-Snapchat/Pods-Snapchat-frameworks-${CONFIGURATION}-output-files.xcfilelist",
			);
			runOnlyForDeploymentPostprocessing = 0;
			shellPath = /bin/sh;
			shellScript = "\"${PODS_ROOT}/Target Support Files/Pods-Snapchat/Pods-Snapchat-frameworks.sh\"\n";
			showEnvVarsInLog = 0;
		};
		31AB5887031CC37F9FCF3C7E /* [CP] Check Pods Manifest.lock */ = {
			isa = PBXShellScriptBuildPhase;
			buildActionMask = 2147483647;
			files = (
			);
			inputFileListPaths = (
			);
			inputPaths = (
				"${PODS_PODFILE_DIR_PATH}/Podfile.lock",
				"${PODS_ROOT}/Manifest.lock",
			);
			name = "[CP] Check Pods Manifest.lock";
			outputFileListPaths = (
			);
			outputPaths = (
				"$(DERIVED_FILE_DIR)/Pods-Snapchat-SnapchatUITests-checkManifestLockResult.txt",
			);
			runOnlyForDeploymentPostprocessing = 0;
			shellPath = /bin/sh;
			shellScript = "diff \"${PODS_PODFILE_DIR_PATH}/Podfile.lock\" \"${PODS_ROOT}/Manifest.lock\" > /dev/null\nif [ $? != 0 ] ; then\n    # print error to STDERR\n    echo \"error: The sandbox is not in sync with the Podfile.lock. Run 'pod install' or update your CocoaPods installation.\" >&2\n    exit 1\nfi\n# This output is used by Xcode 'outputs' to avoid re-running this script phase.\necho \"SUCCESS\" > \"${SCRIPT_OUTPUT_FILE_0}\"\n";
			showEnvVarsInLog = 0;
		};
		4B9A9AA940E8801C922EE327 /* [CP] Check Pods Manifest.lock */ = {
			isa = PBXShellScriptBuildPhase;
			buildActionMask = 2147483647;
			files = (
			);
			inputFileListPaths = (
			);
			inputPaths = (
				"${PODS_PODFILE_DIR_PATH}/Podfile.lock",
				"${PODS_ROOT}/Manifest.lock",
			);
			name = "[CP] Check Pods Manifest.lock";
			outputFileListPaths = (
			);
			outputPaths = (
				"$(DERIVED_FILE_DIR)/Pods-Snapchat-checkManifestLockResult.txt",
			);
			runOnlyForDeploymentPostprocessing = 0;
			shellPath = /bin/sh;
			shellScript = "diff \"${PODS_PODFILE_DIR_PATH}/Podfile.lock\" \"${PODS_ROOT}/Manifest.lock\" > /dev/null\nif [ $? != 0 ] ; then\n    # print error to STDERR\n    echo \"error: The sandbox is not in sync with the Podfile.lock. Run 'pod install' or update your CocoaPods installation.\" >&2\n    exit 1\nfi\n# This output is used by Xcode 'outputs' to avoid re-running this script phase.\necho \"SUCCESS\" > \"${SCRIPT_OUTPUT_FILE_0}\"\n";
			showEnvVarsInLog = 0;
		};
		E2324EC6FEC74FA0DB0398FD /* [CP] Embed Pods Frameworks */ = {
			isa = PBXShellScriptBuildPhase;
			buildActionMask = 2147483647;
			files = (
			);
			inputFileListPaths = (
				"${PODS_ROOT}/Target Support Files/Pods-Snapchat-SnapchatUITests/Pods-Snapchat-SnapchatUITests-frameworks-${CONFIGURATION}-input-files.xcfilelist",
			);
			name = "[CP] Embed Pods Frameworks";
			outputFileListPaths = (
				"${PODS_ROOT}/Target Support Files/Pods-Snapchat-SnapchatUITests/Pods-Snapchat-SnapchatUITests-frameworks-${CONFIGURATION}-output-files.xcfilelist",
			);
			runOnlyForDeploymentPostprocessing = 0;
			shellPath = /bin/sh;
			shellScript = "\"${PODS_ROOT}/Target Support Files/Pods-Snapchat-SnapchatUITests/Pods-Snapchat-SnapchatUITests-frameworks.sh\"\n";
			showEnvVarsInLog = 0;
		};
/* End PBXShellScriptBuildPhase section */

/* Begin PBXSourcesBuildPhase section */
		9678D832273079BD002F66D6 /* Sources */ = {
			isa = PBXSourcesBuildPhase;
			buildActionMask = 2147483647;
			files = (
				9678D83E273079BD002F66D6 /* IniciarSesionViewController.swift in Sources */,
				9678D83A273079BD002F66D6 /* AppDelegate.swift in Sources */,
				9678D83C273079BD002F66D6 /* SceneDelegate.swift in Sources */,
			);
			runOnlyForDeploymentPostprocessing = 0;
		};
		9678D848273079CD002F66D6 /* Sources */ = {
			isa = PBXSourcesBuildPhase;
			buildActionMask = 2147483647;
			files = (
				9678D851273079CD002F66D6 /* SnapchatTests.swift in Sources */,
			);
			runOnlyForDeploymentPostprocessing = 0;
		};
		9678D853273079CD002F66D6 /* Sources */ = {
			isa = PBXSourcesBuildPhase;
			buildActionMask = 2147483647;
			files = (
				9678D85C273079CE002F66D6 /* SnapchatUITests.swift in Sources */,
			);
			runOnlyForDeploymentPostprocessing = 0;
		};
/* End PBXSourcesBuildPhase section */

/* Begin PBXTargetDependency section */
		9678D84E273079CD002F66D6 /* PBXTargetDependency */ = {
			isa = PBXTargetDependency;
			target = 9678D835273079BD002F66D6 /* Snapchat */;
			targetProxy = 9678D84D273079CD002F66D6 /* PBXContainerItemProxy */;
		};
		9678D859273079CD002F66D6 /* PBXTargetDependency */ = {
			isa = PBXTargetDependency;
			target = 9678D835273079BD002F66D6 /* Snapchat */;
			targetProxy = 9678D858273079CD002F66D6 /* PBXContainerItemProxy */;
		};
/* End PBXTargetDependency section */

/* Begin PBXVariantGroup section */
		9678D83F273079BD002F66D6 /* Main.storyboard */ = {
			isa = PBXVariantGroup;
			children = (
				9678D840273079BD002F66D6 /* Base */,
			);
			name = Main.storyboard;
			sourceTree = "<group>";
		};
		9678D844273079CD002F66D6 /* LaunchScreen.storyboard */ = {
			isa = PBXVariantGroup;
			children = (
				9678D845273079CD002F66D6 /* Base */,
			);
			name = LaunchScreen.storyboard;
			sourceTree = "<group>";
		};
/* End PBXVariantGroup section */

/* Begin XCBuildConfiguration section */
		9678D85E273079CE002F66D6 /* Debug */ = {
			isa = XCBuildConfiguration;
			buildSettings = {
				ALWAYS_SEARCH_USER_PATHS = NO;
				CLANG_ANALYZER_NONNULL = YES;
				CLANG_ANALYZER_NUMBER_OBJECT_CONVERSION = YES_AGGRESSIVE;
				CLANG_CXX_LANGUAGE_STANDARD = "gnu++14";
				CLANG_CXX_LIBRARY = "libc++";
				CLANG_ENABLE_MODULES = YES;
				CLANG_ENABLE_OBJC_ARC = YES;
				CLANG_ENABLE_OBJC_WEAK = YES;
				CLANG_WARN_BLOCK_CAPTURE_AUTORELEASING = YES;
				CLANG_WARN_BOOL_CONVERSION = YES;
				CLANG_WARN_COMMA = YES;
				CLANG_WARN_CONSTANT_CONVERSION = YES;
				CLANG_WARN_DEPRECATED_OBJC_IMPLEMENTATIONS = YES;
				CLANG_WARN_DIRECT_OBJC_ISA_USAGE = YES_ERROR;
				CLANG_WARN_DOCUMENTATION_COMMENTS = YES;
				CLANG_WARN_EMPTY_BODY = YES;
				CLANG_WARN_ENUM_CONVERSION = YES;
				CLANG_WARN_INFINITE_RECURSION = YES;
				CLANG_WARN_INT_CONVERSION = YES;
				CLANG_WARN_NON_LITERAL_NULL_CONVERSION = YES;
				CLANG_WARN_OBJC_IMPLICIT_RETAIN_SELF = YES;
				CLANG_WARN_OBJC_LITERAL_CONVERSION = YES;
				CLANG_WARN_OBJC_ROOT_CLASS = YES_ERROR;
				CLANG_WARN_RANGE_LOOP_ANALYSIS = YES;
				CLANG_WARN_STRICT_PROTOTYPES = YES;
				CLANG_WARN_SUSPICIOUS_MOVE = YES;
				CLANG_WARN_UNGUARDED_AVAILABILITY = YES_AGGRESSIVE;
				CLANG_WARN_UNREACHABLE_CODE = YES;
				CLANG_WARN__DUPLICATE_METHOD_MATCH = YES;
				COPY_PHASE_STRIP = NO;
				DEBUG_INFORMATION_FORMAT = dwarf;
				ENABLE_STRICT_OBJC_MSGSEND = YES;
				ENABLE_TESTABILITY = YES;
				GCC_C_LANGUAGE_STANDARD = gnu11;
				GCC_DYNAMIC_NO_PIC = NO;
				GCC_NO_COMMON_BLOCKS = YES;
				GCC_OPTIMIZATION_LEVEL = 0;
				GCC_PREPROCESSOR_DEFINITIONS = (
					"DEBUG=1",
					"$(inherited)",
				);
				GCC_WARN_64_TO_32_BIT_CONVERSION = YES;
				GCC_WARN_ABOUT_RETURN_TYPE = YES_ERROR;
				GCC_WARN_UNDECLARED_SELECTOR = YES;
				GCC_WARN_UNINITIALIZED_AUTOS = YES_AGGRESSIVE;
				GCC_WARN_UNUSED_FUNCTION = YES;
				GCC_WARN_UNUSED_VARIABLE = YES;
				IPHONEOS_DEPLOYMENT_TARGET = 13.2;
				MTL_ENABLE_DEBUG_INFO = INCLUDE_SOURCE;
				MTL_FAST_MATH = YES;
				ONLY_ACTIVE_ARCH = YES;
				SDKROOT = iphoneos;
				SWIFT_ACTIVE_COMPILATION_CONDITIONS = DEBUG;
				SWIFT_OPTIMIZATION_LEVEL = "-Onone";
			};
			name = Debug;
		};
		9678D85F273079CE002F66D6 /* Release */ = {
			isa = XCBuildConfiguration;
			buildSettings = {
				ALWAYS_SEARCH_USER_PATHS = NO;
				CLANG_ANALYZER_NONNULL = YES;
				CLANG_ANALYZER_NUMBER_OBJECT_CONVERSION = YES_AGGRESSIVE;
				CLANG_CXX_LANGUAGE_STANDARD = "gnu++14";
				CLANG_CXX_LIBRARY = "libc++";
				CLANG_ENABLE_MODULES = YES;
				CLANG_ENABLE_OBJC_ARC = YES;
				CLANG_ENABLE_OBJC_WEAK = YES;
				CLANG_WARN_BLOCK_CAPTURE_AUTORELEASING = YES;
				CLANG_WARN_BOOL_CONVERSION = YES;
				CLANG_WARN_COMMA = YES;
				CLANG_WARN_CONSTANT_CONVERSION = YES;
				CLANG_WARN_DEPRECATED_OBJC_IMPLEMENTATIONS = YES;
				CLANG_WARN_DIRECT_OBJC_ISA_USAGE = YES_ERROR;
				CLANG_WARN_DOCUMENTATION_COMMENTS = YES;
				CLANG_WARN_EMPTY_BODY = YES;
				CLANG_WARN_ENUM_CONVERSION = YES;
				CLANG_WARN_INFINITE_RECURSION = YES;
				CLANG_WARN_INT_CONVERSION = YES;
				CLANG_WARN_NON_LITERAL_NULL_CONVERSION = YES;
				CLANG_WARN_OBJC_IMPLICIT_RETAIN_SELF = YES;
				CLANG_WARN_OBJC_LITERAL_CONVERSION = YES;
				CLANG_WARN_OBJC_ROOT_CLASS = YES_ERROR;
				CLANG_WARN_RANGE_LOOP_ANALYSIS = YES;
				CLANG_WARN_STRICT_PROTOTYPES = YES;
				CLANG_WARN_SUSPICIOUS_MOVE = YES;
				CLANG_WARN_UNGUARDED_AVAILABILITY = YES_AGGRESSIVE;
				CLANG_WARN_UNREACHABLE_CODE = YES;
				CLANG_WARN__DUPLICATE_METHOD_MATCH = YES;
				COPY_PHASE_STRIP = NO;
				DEBUG_INFORMATION_FORMAT = "dwarf-with-dsym";
				ENABLE_NS_ASSERTIONS = NO;
				ENABLE_STRICT_OBJC_MSGSEND = YES;
				GCC_C_LANGUAGE_STANDARD = gnu11;
				GCC_NO_COMMON_BLOCKS = YES;
				GCC_WARN_64_TO_32_BIT_CONVERSION = YES;
				GCC_WARN_ABOUT_RETURN_TYPE = YES_ERROR;
				GCC_WARN_UNDECLARED_SELECTOR = YES;
				GCC_WARN_UNINITIALIZED_AUTOS = YES_AGGRESSIVE;
				GCC_WARN_UNUSED_FUNCTION = YES;
				GCC_WARN_UNUSED_VARIABLE = YES;
				IPHONEOS_DEPLOYMENT_TARGET = 13.2;
				MTL_ENABLE_DEBUG_INFO = NO;
				MTL_FAST_MATH = YES;
				SDKROOT = iphoneos;
				SWIFT_COMPILATION_MODE = wholemodule;
				SWIFT_OPTIMIZATION_LEVEL = "-O";
				VALIDATE_PRODUCT = YES;
			};
			name = Release;
		};
		9678D861273079CE002F66D6 /* Debug */ = {
			isa = XCBuildConfiguration;
			baseConfigurationReference = 1FA31D34381A2F3E82ABD927 /* Pods-Snapchat.debug.xcconfig */;
			buildSettings = {
				ASSETCATALOG_COMPILER_APPICON_NAME = AppIcon;
				CODE_SIGN_STYLE = Automatic;
				INFOPLIST_FILE = Snapchat/Info.plist;
				LD_RUNPATH_SEARCH_PATHS = (
					"$(inherited)",
					"@executable_path/Frameworks",
				);
				PRODUCT_BUNDLE_IDENTIFIER = rodrigo.mejia.Snapchat;
				PRODUCT_NAME = "$(TARGET_NAME)";
				SWIFT_VERSION = 5.0;
				TARGETED_DEVICE_FAMILY = 1;
			};
			name = Debug;
		};
		9678D862273079CE002F66D6 /* Release */ = {
			isa = XCBuildConfiguration;
			baseConfigurationReference = E0F28ABEA39BA28EE8C015E9 /* Pods-Snapchat.release.xcconfig */;
			buildSettings = {
				ASSETCATALOG_COMPILER_APPICON_NAME = AppIcon;
				CODE_SIGN_STYLE = Automatic;
				INFOPLIST_FILE = Snapchat/Info.plist;
				LD_RUNPATH_SEARCH_PATHS = (
					"$(inherited)",
					"@executable_path/Frameworks",
				);
				PRODUCT_BUNDLE_IDENTIFIER = rodrigo.mejia.Snapchat;
				PRODUCT_NAME = "$(TARGET_NAME)";
				SWIFT_VERSION = 5.0;
				TARGETED_DEVICE_FAMILY = 1;
			};
			name = Release;
		};
		9678D864273079CE002F66D6 /* Debug */ = {
			isa = XCBuildConfiguration;
			baseConfigurationReference = 41A779CE78014E6D6E3AE7A8 /* Pods-SnapchatTests.debug.xcconfig */;
			buildSettings = {
				ALWAYS_EMBED_SWIFT_STANDARD_LIBRARIES = YES;
				BUNDLE_LOADER = "$(TEST_HOST)";
				CODE_SIGN_STYLE = Automatic;
				INFOPLIST_FILE = SnapchatTests/Info.plist;
				IPHONEOS_DEPLOYMENT_TARGET = 13.2;
				LD_RUNPATH_SEARCH_PATHS = (
					"$(inherited)",
					"@executable_path/Frameworks",
					"@loader_path/Frameworks",
				);
				PRODUCT_BUNDLE_IDENTIFIER = rodrigo.mejia.SnapchatTests;
				PRODUCT_NAME = "$(TARGET_NAME)";
				SWIFT_VERSION = 5.0;
				TARGETED_DEVICE_FAMILY = "1,2";
				TEST_HOST = "$(BUILT_PRODUCTS_DIR)/Snapchat.app/Snapchat";
			};
			name = Debug;
		};
		9678D865273079CE002F66D6 /* Release */ = {
			isa = XCBuildConfiguration;
			baseConfigurationReference = 8A71A58E68A7E56E78B1DBE2 /* Pods-SnapchatTests.release.xcconfig */;
			buildSettings = {
				ALWAYS_EMBED_SWIFT_STANDARD_LIBRARIES = YES;
				BUNDLE_LOADER = "$(TEST_HOST)";
				CODE_SIGN_STYLE = Automatic;
				INFOPLIST_FILE = SnapchatTests/Info.plist;
				IPHONEOS_DEPLOYMENT_TARGET = 13.2;
				LD_RUNPATH_SEARCH_PATHS = (
					"$(inherited)",
					"@executable_path/Frameworks",
					"@loader_path/Frameworks",
				);
				PRODUCT_BUNDLE_IDENTIFIER = rodrigo.mejia.SnapchatTests;
				PRODUCT_NAME = "$(TARGET_NAME)";
				SWIFT_VERSION = 5.0;
				TARGETED_DEVICE_FAMILY = "1,2";
				TEST_HOST = "$(BUILT_PRODUCTS_DIR)/Snapchat.app/Snapchat";
			};
			name = Release;
		};
		9678D867273079CE002F66D6 /* Debug */ = {
			isa = XCBuildConfiguration;
			baseConfigurationReference = 5612342B8118AC2723251F12 /* Pods-Snapchat-SnapchatUITests.debug.xcconfig */;
			buildSettings = {
				ALWAYS_EMBED_SWIFT_STANDARD_LIBRARIES = YES;
				CODE_SIGN_STYLE = Automatic;
				INFOPLIST_FILE = SnapchatUITests/Info.plist;
				LD_RUNPATH_SEARCH_PATHS = (
					"$(inherited)",
					"@executable_path/Frameworks",
					"@loader_path/Frameworks",
				);
				PRODUCT_BUNDLE_IDENTIFIER = rodrigo.mejia.SnapchatUITests;
				PRODUCT_NAME = "$(TARGET_NAME)";
				SWIFT_VERSION = 5.0;
				TARGETED_DEVICE_FAMILY = "1,2";
				TEST_TARGET_NAME = Snapchat;
			};
			name = Debug;
		};
		9678D868273079CE002F66D6 /* Release */ = {
			isa = XCBuildConfiguration;
			baseConfigurationReference = 68F1C5A578626DD2743BC4E2 /* Pods-Snapchat-SnapchatUITests.release.xcconfig */;
			buildSettings = {
				ALWAYS_EMBED_SWIFT_STANDARD_LIBRARIES = YES;
				CODE_SIGN_STYLE = Automatic;
				INFOPLIST_FILE = SnapchatUITests/Info.plist;
				LD_RUNPATH_SEARCH_PATHS = (
					"$(inherited)",
					"@executable_path/Frameworks",
					"@loader_path/Frameworks",
				);
				PRODUCT_BUNDLE_IDENTIFIER = rodrigo.mejia.SnapchatUITests;
				PRODUCT_NAME = "$(TARGET_NAME)";
				SWIFT_VERSION = 5.0;
				TARGETED_DEVICE_FAMILY = "1,2";
				TEST_TARGET_NAME = Snapchat;
			};
			name = Release;
		};
/* End XCBuildConfiguration section */

/* Begin XCConfigurationList section */
		9678D831273079BC002F66D6 /* Build configuration list for PBXProject "Snapchat" */ = {
			isa = XCConfigurationList;
			buildConfigurations = (
				9678D85E273079CE002F66D6 /* Debug */,
				9678D85F273079CE002F66D6 /* Release */,
			);
			defaultConfigurationIsVisible = 0;
			defaultConfigurationName = Release;
		};
		9678D860273079CE002F66D6 /* Build configuration list for PBXNativeTarget "Snapchat" */ = {
			isa = XCConfigurationList;
			buildConfigurations = (
				9678D861273079CE002F66D6 /* Debug */,
				9678D862273079CE002F66D6 /* Release */,
			);
			defaultConfigurationIsVisible = 0;
			defaultConfigurationName = Release;
		};
		9678D863273079CE002F66D6 /* Build configuration list for PBXNativeTarget "SnapchatTests" */ = {
			isa = XCConfigurationList;
			buildConfigurations = (
				9678D864273079CE002F66D6 /* Debug */,
				9678D865273079CE002F66D6 /* Release */,
			);
			defaultConfigurationIsVisible = 0;
			defaultConfigurationName = Release;
		};
		9678D866273079CE002F66D6 /* Build configuration list for PBXNativeTarget "SnapchatUITests" */ = {
			isa = XCConfigurationList;
			buildConfigurations = (
				9678D867273079CE002F66D6 /* Debug */,
				9678D868273079CE002F66D6 /* Release */,
			);
			defaultConfigurationIsVisible = 0;
			defaultConfigurationName = Release;
		};
/* End XCConfigurationList section */
	};
	rootObject = 9678D82E273079BC002F66D6 /* Project object */;
}
